
Microsoft Visual Studio Solution File, Format Version 12.00
# Visual Studio Version 16
VisualStudioVersion = 16.0.28803.352
MinimumVisualStudioVersion = 10.0.40219.1
Project("{FAE04EC0-301F-11D3-BF4B-00C04F79EFBC}") = "GpsTestProject", "GpsTestProject\GpsTestProject.csproj", "{E58E1D09-E12B-463C-9B1E-D62FF0ED842C}"
EndProject
Project("{FAE04EC0-301F-11D3-BF4B-00C04F79EFBC}") = "BackgroundTask", "BackgroundTask\BackgroundTask.csproj", "{1F164EB2-9DB4-464B-BD48-A457B235BC37}"
EndProject
Global
	GlobalSection(SolutionConfigurationPlatforms) = preSolution
		Debug|Any CPU = Debug|Any CPU
		Debug|ARM = Debug|ARM
		Debug|ARM64 = Debug|ARM64
		Debug|x64 = Debug|x64
		Debug|x86 = Debug|x86
		Release|Any CPU = Release|Any CPU
		Release|ARM = Release|ARM
		Release|ARM64 = Release|ARM64
		Release|x64 = Release|x64
		Release|x86 = Release|x86
	EndGlobalSection
	GlobalSection(ProjectConfigurationPlatforms) = postSolution
		{E58E1D09-E12B-463C-9B1E-D62FF0ED842C}.Debug|Any CPU.ActiveCfg = Debug|x86
		{E58E1D09-E12B-463C-9B1E-D62FF0ED842C}.Debug|ARM.ActiveCfg = Debug|ARM
		{E58E1D09-E12B-463C-9B1E-D62FF0ED842C}.Debug|ARM.Build.0 = Debug|ARM
		{E58E1D09-E12B-463C-9B1E-D62FF0ED842C}.Debug|ARM.Deploy.0 = Debug|ARM
		{E58E1D09-E12B-463C-9B1E-D62FF0ED842C}.Debug|ARM64.ActiveCfg = Debug|ARM64
		{E58E1D09-E12B-463C-9B1E-D62FF0ED842C}.Debug|ARM64.Build.0 = Debug|ARM64
		{E58E1D09-E12B-463C-9B1E-D62FF0ED842C}.Debug|ARM64.Deploy.0 = Debug|ARM64
		{E58E1D09-E12B-463C-9B1E-D62FF0ED842C}.Debug|x64.ActiveCfg = Debug|x64
		{E58E1D09-E12B-463C-9B1E-D62FF0ED842C}.Debug|x64.Build.0 = Debug|x64
		{E58E1D09-E12B-463C-9B1E-D62FF0ED842C}.Debug|x64.Deploy.0 = Debug|x64
		{E58E1D09-E12B-463C-9B1E-D62FF0ED842C}.Debug|x86.ActiveCfg = Debug|x64
		{E58E1D09-E12B-463C-9B1E-D62FF0ED842C}.Debug|x86.Build.0 = Debug|x64
		{E58E1D09-E12B-463C-9B1E-D62FF0ED842C}.Debug|x86.Deploy.0 = Debug|x64
		{E58E1D09-E12B-463C-9B1E-D62FF0ED842C}.Release|Any CPU.ActiveCfg = Release|x86
		{E58E1D09-E12B-463C-9B1E-D62FF0ED842C}.Release|ARM.ActiveCfg = Release|ARM
		{E58E1D09-E12B-463C-9B1E-D62FF0ED842C}.Release|ARM.Build.0 = Release|ARM
		{E58E1D09-E12B-463C-9B1E-D62FF0ED842C}.Release|ARM.Deploy.0 = Release|ARM
		{E58E1D09-E12B-463C-9B1E-D62FF0ED842C}.Release|ARM64.ActiveCfg = Release|ARM64
		{E58E1D09-E12B-463C-9B1E-D62FF0ED842C}.Release|ARM64.Build.0 = Release|ARM64
		{E58E1D09-E12B-463C-9B1E-D62FF0ED842C}.Release|ARM64.Deploy.0 = Release|ARM64
		{E58E1D09-E12B-463C-9B1E-D62FF0ED842C}.Release|x64.ActiveCfg = Release|x64
		{E58E1D09-E12B-463C-9B1E-D62FF0ED842C}.Release|x64.Build.0 = Release|x64
		{E58E1D09-E12B-463C-9B1E-D62FF0ED842C}.Release|x64.Deploy.0 = Release|x64
		{E58E1D09-E12B-463C-9B1E-D62FF0ED842C}.Release|x86.ActiveCfg = Release|x86
		{E58E1D09-E12B-463C-9B1E-D62FF0ED842C}.Release|x86.Build.0 = Release|x86
		{E58E1D09-E12B-463C-9B1E-D62FF0ED842C}.Release|x86.Deploy.0 = Release|x86
		{1F164EB2-9DB4-464B-BD48-A457B235BC37}.Debug|Any CPU.ActiveCfg = Debug|Any CPU
		{1F164EB2-9DB4-464B-BD48-A457B235BC37}.Debug|Any CPU.Build.0 = Debug|Any CPU
		{1F164EB2-9DB4-464B-BD48-A457B235BC37}.Debug|ARM.ActiveCfg = Debug|ARM
		{1F164EB2-9DB4-464B-BD48-A457B235BC37}.Debug|ARM.Build.0 = Debug|ARM
		{1F164EB2-9DB4-464B-BD48-A457B235BC37}.Debug|ARM64.ActiveCfg = Debug|ARM64
		{1F164EB2-9DB4-464B-BD48-A457B235BC37}.Debug|ARM64.Build.0 = Debug|ARM64
		{1F164EB2-9DB4-464B-BD48-A457B235BC37}.Debug|x64.ActiveCfg = Debug|x64
		{1F164EB2-9DB4-464B-BD48-A457B235BC37}.Debug|x86.ActiveCfg = Debug|x86
		{1F164EB2-9DB4-464B-BD48-A457B235BC37}.Debug|x86.Build.0 = Debug|x86
		{1F164EB2-9DB4-464B-BD48-A457B235BC37}.Release|Any CPU.ActiveCfg = Release|Any CPU
		{1F164EB2-9DB4-464B-BD48-A457B235BC37}.Release|Any CPU.Build.0 = Release|Any CPU
		{1F164EB2-9DB4-464B-BD48-A457B235BC37}.Release|ARM.ActiveCfg = Release|ARM
		{1F164EB2-9DB4-464B-BD48-A457B235BC37}.Release|ARM.Build.0 = Release|ARM
		{1F164EB2-9DB4-464B-BD48-A457B235BC37}.Release|ARM64.ActiveCfg = Release|ARM64
		{1F164EB2-9DB4-464B-BD48-A457B235BC37}.Release|ARM64.Build.0 = Release|ARM64
		{1F164EB2-9DB4-464B-BD48-A457B235BC37}.Release|x64.ActiveCfg = Release|x64
		{1F164EB2-9DB4-464B-BD48-A457B235BC37}.Release|x64.Build.0 = Release|x64
		{1F164EB2-9DB4-464B-BD48-A457B235BC37}.Release|x86.ActiveCfg = Release|x86
		{1F164EB2-9DB4-464B-BD48-A457B235BC37}.Release|x86.Build.0 = Release|x86
	EndGlobalSection
	GlobalSection(SolutionProperties) = preSolution
		HideSolutionNode = FALSE
	EndGlobalSection
	GlobalSection(ExtensibilityGlobals) = postSolution
		SolutionGuid = {4F7D37DF-8209-4969-AFE0-74454E0F6D2C}
	EndGlobalSection
EndGlobal
